
Microsoft Visual Studio Solution File, Format Version 10.00
# Visual C# Express 2008
Project("{FAE04EC0-301F-11D3-BF4B-00C04F79EFBC}") = "Primzahlzerlegungs_Klasse", "Primzahlzerlegungs_Klasse.csproj", "{53596714-D590-4174-A920-EC1CE9C4E486}"
EndProject
Global
	GlobalSection(SolutionConfigurationPlatforms) = preSolution
		Debug|Any CPU = Debug|Any CPU
		Release|Any CPU = Release|Any CPU
	EndGlobalSection
	GlobalSection(ProjectConfigurationPlatforms) = postSolution
		{53596714-D590-4174-A920-EC1CE9C4E486}.Debug|Any CPU.ActiveCfg = Debug|Any CPU
		{53596714-D590-4174-A920-EC1CE9C4E486}.Debug|Any CPU.Build.0 = Debug|Any CPU
		{53596714-D590-4174-A920-EC1CE9C4E486}.Release|Any CPU.ActiveCfg = Release|Any CPU
		{53596714-D590-4174-A920-EC1CE9C4E486}.Release|Any CPU.Build.0 = Release|Any CPU
	EndGlobalSection
	GlobalSection(SolutionProperties) = preSolution
		HideSolutionNode = FALSE
	EndGlobalSection
EndGlobal
