
Microsoft Visual Studio Solution File, Format Version 12.00
# Visual Studio 2012
Project("{FAE04EC0-301F-11D3-BF4B-00C04F79EFBC}") = "Binding_Modes", "Binding_Modes.csproj", "{DB1267F0-4CF0-41B4-A755-C2E9C6611329}"
EndProject
Global
	GlobalSection(SolutionConfigurationPlatforms) = preSolution
		Debug|Any CPU = Debug|Any CPU
		Release|Any CPU = Release|Any CPU
	EndGlobalSection
	GlobalSection(ProjectConfigurationPlatforms) = postSolution
		{DB1267F0-4CF0-41B4-A755-C2E9C6611329}.Debug|Any CPU.ActiveCfg = Debug|Any CPU
		{DB1267F0-4CF0-41B4-A755-C2E9C6611329}.Debug|Any CPU.Build.0 = Debug|Any CPU
		{DB1267F0-4CF0-41B4-A755-C2E9C6611329}.Release|Any CPU.ActiveCfg = Release|Any CPU
		{DB1267F0-4CF0-41B4-A755-C2E9C6611329}.Release|Any CPU.Build.0 = Release|Any CPU
	EndGlobalSection
	GlobalSection(SolutionProperties) = preSolution
		HideSolutionNode = FALSE
	EndGlobalSection
EndGlobal
