
Microsoft Visual Studio Solution File, Format Version 12.00
# Visual Studio 2012
Project("{FAE04EC0-301F-11D3-BF4B-00C04F79EFBC}") = "BitmapSaveTest", "BitmapSaveTest.csproj", "{98C6B962-9AD6-49EC-BA7F-751EE6DCB970}"
EndProject
Global
	GlobalSection(SolutionConfigurationPlatforms) = preSolution
		Debug|Any CPU = Debug|Any CPU
		Release|Any CPU = Release|Any CPU
	EndGlobalSection
	GlobalSection(ProjectConfigurationPlatforms) = postSolution
		{98C6B962-9AD6-49EC-BA7F-751EE6DCB970}.Debug|Any CPU.ActiveCfg = Debug|Any CPU
		{98C6B962-9AD6-49EC-BA7F-751EE6DCB970}.Debug|Any CPU.Build.0 = Debug|Any CPU
		{98C6B962-9AD6-49EC-BA7F-751EE6DCB970}.Release|Any CPU.ActiveCfg = Release|Any CPU
		{98C6B962-9AD6-49EC-BA7F-751EE6DCB970}.Release|Any CPU.Build.0 = Release|Any CPU
	EndGlobalSection
	GlobalSection(SolutionProperties) = preSolution
		HideSolutionNode = FALSE
	EndGlobalSection
EndGlobal
