
Microsoft Visual Studio Solution File, Format Version 12.00
# Visual Studio 2012
Project("{FAE04EC0-301F-11D3-BF4B-00C04F79EFBC}") = "LinienMouse", "LinienMouse.csproj", "{F73D5A4D-A70E-4483-814B-FE1DC18A6850}"
EndProject
Global
	GlobalSection(SolutionConfigurationPlatforms) = preSolution
		Debug|Any CPU = Debug|Any CPU
		Release|Any CPU = Release|Any CPU
	EndGlobalSection
	GlobalSection(ProjectConfigurationPlatforms) = postSolution
		{F73D5A4D-A70E-4483-814B-FE1DC18A6850}.Debug|Any CPU.ActiveCfg = Debug|Any CPU
		{F73D5A4D-A70E-4483-814B-FE1DC18A6850}.Debug|Any CPU.Build.0 = Debug|Any CPU
		{F73D5A4D-A70E-4483-814B-FE1DC18A6850}.Release|Any CPU.ActiveCfg = Release|Any CPU
		{F73D5A4D-A70E-4483-814B-FE1DC18A6850}.Release|Any CPU.Build.0 = Release|Any CPU
	EndGlobalSection
	GlobalSection(SolutionProperties) = preSolution
		HideSolutionNode = FALSE
	EndGlobalSection
EndGlobal
