
Microsoft Visual Studio Solution File, Format Version 12.00
# Visual Studio 2012
Project("{FAE04EC0-301F-11D3-BF4B-00C04F79EFBC}") = "BilderSkalierenDrawImage", "BilderSkalierenDrawImage.csproj", "{5219D013-B0B8-4BD1-9745-6DB7AD3248E4}"
EndProject
Global
	GlobalSection(SolutionConfigurationPlatforms) = preSolution
		Debug|Any CPU = Debug|Any CPU
		Release|Any CPU = Release|Any CPU
	EndGlobalSection
	GlobalSection(ProjectConfigurationPlatforms) = postSolution
		{5219D013-B0B8-4BD1-9745-6DB7AD3248E4}.Debug|Any CPU.ActiveCfg = Debug|Any CPU
		{5219D013-B0B8-4BD1-9745-6DB7AD3248E4}.Debug|Any CPU.Build.0 = Debug|Any CPU
		{5219D013-B0B8-4BD1-9745-6DB7AD3248E4}.Release|Any CPU.ActiveCfg = Release|Any CPU
		{5219D013-B0B8-4BD1-9745-6DB7AD3248E4}.Release|Any CPU.Build.0 = Release|Any CPU
	EndGlobalSection
	GlobalSection(SolutionProperties) = preSolution
		HideSolutionNode = FALSE
	EndGlobalSection
EndGlobal
