
Microsoft Visual Studio Solution File, Format Version 12.00
# Visual Studio 2012
Project("{FAE04EC0-301F-11D3-BF4B-00C04F79EFBC}") = "Klassen_DNS_IpAdress", "Klassen_DNS_IpAdress.csproj", "{295D1071-B23E-40C8-9895-EBC46B8DDFDE}"
EndProject
Global
	GlobalSection(SolutionConfigurationPlatforms) = preSolution
		Debug|Any CPU = Debug|Any CPU
		Release|Any CPU = Release|Any CPU
	EndGlobalSection
	GlobalSection(ProjectConfigurationPlatforms) = postSolution
		{295D1071-B23E-40C8-9895-EBC46B8DDFDE}.Debug|Any CPU.ActiveCfg = Debug|Any CPU
		{295D1071-B23E-40C8-9895-EBC46B8DDFDE}.Debug|Any CPU.Build.0 = Debug|Any CPU
		{295D1071-B23E-40C8-9895-EBC46B8DDFDE}.Release|Any CPU.ActiveCfg = Release|Any CPU
		{295D1071-B23E-40C8-9895-EBC46B8DDFDE}.Release|Any CPU.Build.0 = Release|Any CPU
	EndGlobalSection
	GlobalSection(SolutionProperties) = preSolution
		HideSolutionNode = FALSE
	EndGlobalSection
EndGlobal
