
Microsoft Visual Studio Solution File, Format Version 10.00
# Visual C# Express 2008
Project("{FAE04EC0-301F-11D3-BF4B-00C04F79EFBC}") = "Graphik_Abschuss", "Graphik_Abschuss.csproj", "{25BB148A-3A95-40DA-90BC-88820E8C56C6}"
EndProject
Global
	GlobalSection(SolutionConfigurationPlatforms) = preSolution
		Debug|Any CPU = Debug|Any CPU
		Release|Any CPU = Release|Any CPU
	EndGlobalSection
	GlobalSection(ProjectConfigurationPlatforms) = postSolution
		{25BB148A-3A95-40DA-90BC-88820E8C56C6}.Debug|Any CPU.ActiveCfg = Debug|Any CPU
		{25BB148A-3A95-40DA-90BC-88820E8C56C6}.Debug|Any CPU.Build.0 = Debug|Any CPU
		{25BB148A-3A95-40DA-90BC-88820E8C56C6}.Release|Any CPU.ActiveCfg = Release|Any CPU
		{25BB148A-3A95-40DA-90BC-88820E8C56C6}.Release|Any CPU.Build.0 = Release|Any CPU
	EndGlobalSection
	GlobalSection(SolutionProperties) = preSolution
		HideSolutionNode = FALSE
	EndGlobalSection
EndGlobal
